// !$*UTF8*$!
{
	archiveVersion = 1;
	classes = {
	};
	objectVersion = 48;
	objects = {

/* Begin PBXBuildFile section */
		A70E25F7215C6AC4009CB1DE /* AppDelegate.m in Sources */ = {isa = PBXBuildFile; fileRef = A70E25F6215C6AC4009CB1DE /* AppDelegate.m */; };
		A70E25FA215C6AC4009CB1DE /* ViewController.m in Sources */ = {isa = PBXBuildFile; fileRef = A70E25F9215C6AC4009CB1DE /* ViewController.m */; };
		A70E25FD215C6AC4009CB1DE /* Main.storyboard in Resources */ = {isa = PBXBuildFile; fileRef = A70E25FB215C6AC4009CB1DE /* Main.storyboard */; };
		A70E25FF215C6AC4009CB1DE /* Assets.xcassets in Resources */ = {isa = PBXBuildFile; fileRef = A70E25FE215C6AC4009CB1DE /* Assets.xcassets */; };
		A70E2602215C6AC4009CB1DE /* LaunchScreen.storyboard in Resources */ = {isa = PBXBuildFile; fileRef = A70E2600215C6AC4009CB1DE /* LaunchScreen.storyboard */; };
		A70E2605215C6AC4009CB1DE /* main.m in Sources */ = {isa = PBXBuildFile; fileRef = A70E2604215C6AC4009CB1DE /* main.m */; };
/* End PBXBuildFile section */

/* Begin PBXFileReference section */
		A70E25F2215C6AC3009CB1DE /* LDTJTest.app */ = {isa = PBXFileReference; explicitFileType = wrapper.application; includeInIndex = 0; path = LDTJTest.app; sourceTree = BUILT_PRODUCTS_DIR; };
		A70E25F5215C6AC4009CB1DE /* AppDelegate.h */ = {isa = PBXFileReference; lastKnownFileType = sourcecode.c.h; path = AppDelegate.h; sourceTree = "<group>"; };
		A70E25F6215C6AC4009CB1DE /* AppDelegate.m */ = {isa = PBXFileReference; lastKnownFileType = sourcecode.c.objc; path = AppDelegate.m; sourceTree = "<group>"; };
		A70E25F8215C6AC4009CB1DE /* ViewController.h */ = {isa = PBXFileReference; lastKnownFileType = sourcecode.c.h; path = ViewController.h; sourceTree = "<group>"; };
		A70E25F9215C6AC4009CB1DE /* ViewController.m */ = {isa = PBXFileReference; lastKnownFileType = sourcecode.c.objc; path = ViewController.m; sourceTree = "<group>"; };
		A70E25FC215C6AC4009CB1DE /* Base */ = {isa = PBXFileReference; lastKnownFileType = file.storyboard; name = Base; path = Base.lproj/Main.storyboard; sourceTree = "<group>"; };
		A70E25FE215C6AC4009CB1DE /* Assets.xcassets */ = {isa = PBXFileReference; lastKnownFileType = folder.assetcatalog; path = Assets.xcassets; sourceTree = "<group>"; };
		A70E2601215C6AC4009CB1DE /* Base */ = {isa = PBXFileReference; lastKnownFileType = file.storyboard; name = Base; path = Base.lproj/LaunchScreen.storyboard; sourceTree = "<group>"; };
		A70E2603215C6AC4009CB1DE /* Info.plist */ = {isa = PBXFileReference; lastKnownFileType = text.plist.xml; path = Info.plist; sourceTree = "<group>"; };
		A70E2604215C6AC4009CB1DE /* main.m */ = {isa = PBXFileReference; lastKnownFileType = sourcecode.c.objc; path = main.m; sourceTree = "<group>"; };
/* End PBXFileReference section */

/* Begin PBXFrameworksBuildPhase section */
		A70E25EF215C6AC3009CB1DE /* Frameworks */ = {
			isa = PBXFrameworksBuildPhase;
			buildActionMask = 2147483647;
			files = (
			);
			runOnlyForDeploymentPostprocessing = 0;
		};
/* End PBXFrameworksBuildPhase section */

/* Begin PBXGroup section */
		A70E25E9215C6AC3009CB1DE = {
			isa = PBXGroup;
			children = (
				A70E25F4215C6AC4009CB1DE /* LDTJTest */,
				A70E25F3215C6AC3009CB1DE /* Products */,
			);
			sourceTree = "<group>";
		};
		A70E25F3215C6AC3009CB1DE /* Products */ = {
			isa = PBXGroup;
			children = (
				A70E25F2215C6AC3009CB1DE /* LDTJTest.app */,
			);
			name = Products;
			sourceTree = "<group>";
		};
		A70E25F4215C6AC4009CB1DE /* LDTJTest */ = {
			isa = PBXGroup;
			children = (
				A70E25F5215C6AC4009CB1DE /* AppDelegate.h */,
				A70E25F6215C6AC4009CB1DE /* AppDelegate.m */,
				A70E25F8215C6AC4009CB1DE /* ViewController.h */,
				A70E25F9215C6AC4009CB1DE /* ViewController.m */,
				A70E25FB215C6AC4009CB1DE /* Main.storyboard */,
				A70E25FE215C6AC4009CB1DE /* Assets.xcassets */,
				A70E2600215C6AC4009CB1DE /* LaunchScreen.storyboard */,
				A70E2603215C6AC4009CB1DE /* Info.plist */,
				A70E2604215C6AC4009CB1DE /* main.m */,
			);
			path = LDTJTest;
			sourceTree = "<group>";
		};
/* End PBXGroup section */

/* Begin PBXNativeTarget section */
		A70E25F1215C6AC3009CB1DE /* LDTJTest */ = {
			isa = PBXNativeTarget;
			buildConfigurationList = A70E2608215C6AC4009CB1DE /* Build configuration list for PBXNativeTarget "LDTJTest" */;
			buildPhases = (
				A70E25EE215C6AC3009CB1DE /* Sources */,
				A70E25EF215C6AC3009CB1DE /* Frameworks */,
				A70E25F0215C6AC3009CB1DE /* Resources */,
			);
			buildRules = (
			);
			dependencies = (
			);
			name = LDTJTest;
			productName = LDTJTest;
			productReference = A70E25F2215C6AC3009CB1DE /* LDTJTest.app */;
			productType = "com.apple.product-type.application";
		};
/* End PBXNativeTarget section */

/* Begin PBXProject section */
		A70E25EA215C6AC3009CB1DE /* Project object */ = {
			isa = PBXProject;
			attributes = {
				LastUpgradeCheck = 0920;
				ORGANIZATIONNAME = SZLibrary;
				TargetAttributes = {
					A70E25F1215C6AC3009CB1DE = {
						CreatedOnToolsVersion = 9.2;
						ProvisioningStyle = Automatic;
					};
				};
			};
			buildConfigurationList = A70E25ED215C6AC3009CB1DE /* Build configuration list for PBXProject "LDTJTest" */;
			compatibilityVersion = "Xcode 8.0";
			developmentRegion = en;
			hasScannedForEncodings = 0;
			knownRegions = (
				en,
				Base,
			);
			mainGroup = A70E25E9215C6AC3009CB1DE;
			productRefGroup = A70E25F3215C6AC3009CB1DE /* Products */;
			projectDirPath = "";
			projectRoot = "";
			targets = (
				A70E25F1215C6AC3009CB1DE /* LDTJTest */,
			);
		};
/* End PBXProject section */

/* Begin PBXResourcesBuildPhase section */
		A70E25F0215C6AC3009CB1DE /* Resources */ = {
			isa = PBXResourcesBuildPhase;
			buildActionMask = 2147483647;
			files = (
				A70E2602215C6AC4009CB1DE /* LaunchScreen.storyboard in Resources */,
				A70E25FF215C6AC4009CB1DE /* Assets.xcassets in Resources */,
				A70E25FD215C6AC4009CB1DE /* Main.storyboard in Resources */,
			);
			runOnlyForDeploymentPostprocessing = 0;
		};
/* End PBXResourcesBuildPhase section */

/* Begin PBXSourcesBuildPhase section */
		A70E25EE215C6AC3009CB1DE /* Sources */ = {
			isa = PBXSourcesBuildPhase;
			buildActionMask = 2147483647;
			files = (
				A70E25FA215C6AC4009CB1DE /* ViewController.m in Sources */,
				A70E2605215C6AC4009CB1DE /* main.m in Sources */,
				A70E25F7215C6AC4009CB1DE /* AppDelegate.m in Sources */,
			);
			runOnlyForDeploymentPostprocessing = 0;
		};
/* End PBXSourcesBuildPhase section */

/* Begin PBXVariantGroup section */
		A70E25FB215C6AC4009CB1DE /* Main.storyboard */ = {
			isa = PBXVariantGroup;
			children = (
				A70E25FC215C6AC4009CB1DE /* Base */,
			);
			name = Main.storyboard;
			sourceTree = "<group>";
		};
		A70E2600215C6AC4009CB1DE /* LaunchScreen.storyboard */ = {
			isa = PBXVariantGroup;
			children = (
				A70E2601215C6AC4009CB1DE /* Base */,
			);
			name = LaunchScreen.storyboard;
			sourceTree = "<group>";
		};
/* End PBXVariantGroup section */

/* Begin XCBuildConfiguration section */
		A70E2606215C6AC4009CB1DE /* Debug */ = {
			isa = XCBuildConfiguration;
			buildSettings = {
				ALWAYS_SEARCH_USER_PATHS = NO;
				CLANG_ANALYZER_NONNULL = YES;
				CLANG_ANALYZER_NUMBER_OBJECT_CONVERSION = YES_AGGRESSIVE;
				CLANG_CXX_LANGUAGE_STANDARD = "gnu++14";
				CLANG_CXX_LIBRARY = "libc++";
				CLANG_ENABLE_MODULES = YES;
				CLANG_ENABLE_OBJC_ARC = YES;
				CLANG_WARN_BLOCK_CAPTURE_AUTORELEASING = YES;
				CLANG_WARN_BOOL_CONVERSION = YES;
				CLANG_WARN_COMMA = YES;
				CLANG_WARN_CONSTANT_CONVERSION = YES;
				CLANG_WARN_DIRECT_OBJC_ISA_USAGE = YES_ERROR;
				CLANG_WARN_DOCUMENTATION_COMMENTS = YES;
				CLANG_WARN_EMPTY_BODY = YES;
				CLANG_WARN_ENUM_CONVERSION = YES;
				CLANG_WARN_INFINITE_RECURSION = YES;
				CLANG_WARN_INT_CONVERSION = YES;
				CLANG_WARN_NON_LITERAL_NULL_CONVERSION = YES;
				CLANG_WARN_OBJC_LITERAL_CONVERSION = YES;
				CLANG_WARN_OBJC_ROOT_CLASS = YES_ERROR;
				CLANG_WARN_RANGE_LOOP_ANALYSIS = YES;
				CLANG_WARN_STRICT_PROTOTYPES = YES;
				CLANG_WARN_SUSPICIOUS_MOVE = YES;
				CLANG_WARN_UNGUARDED_AVAILABILITY = YES_AGGRESSIVE;
				CLANG_WARN_UNREACHABLE_CODE = YES;
				CLANG_WARN__DUPLICATE_METHOD_MATCH = YES;
				CODE_SIGN_IDENTITY = "iPhone Developer";
				COPY_PHASE_STRIP = NO;
				DEBUG_INFORMATION_FORMAT = dwarf;
				ENABLE_STRICT_OBJC_MSGSEND = YES;
				ENABLE_TESTABILITY = YES;
				GCC_C_LANGUAGE_STANDARD = gnu11;
				GCC_DYNAMIC_NO_PIC = NO;
				GCC_NO_COMMON_BLOCKS = YES;
				GCC_OPTIMIZATION_LEVEL = 0;
				GCC_PREPROCESSOR_DEFINITIONS = (
					"DEBUG=1",
					"$(inherited)",
				);
				GCC_WARN_64_TO_32_BIT_CONVERSION = YES;
				GCC_WARN_ABOUT_RETURN_TYPE = YES_ERROR;
				GCC_WARN_UNDECLARED_SELECTOR = YES;
				GCC_WARN_UNINITIALIZED_AUTOS = YES_AGGRESSIVE;
				GCC_WARN_UNUSED_FUNCTION = YES;
				GCC_WARN_UNUSED_VARIABLE = YES;
				IPHONEOS_DEPLOYMENT_TARGET = 11.2;
				MTL_ENABLE_DEBUG_INFO = YES;
				ONLY_ACTIVE_ARCH = YES;
				SDKROOT = iphoneos;
			};
			name = Debug;
		};
		A70E2607215C6AC4009CB1DE /* Release */ = {
			isa = XCBuildConfiguration;
			buildSettings = {
				ALWAYS_SEARCH_USER_PATHS = NO;
				CLANG_ANALYZER_NONNULL = YES;
				CLANG_ANALYZER_NUMBER_OBJECT_CONVERSION = YES_AGGRESSIVE;
				CLANG_CXX_LANGUAGE_STANDARD = "gnu++14";
				CLANG_CXX_LIBRARY = "libc++";
				CLANG_ENABLE_MODULES = YES;
				CLANG_ENABLE_OBJC_ARC = YES;
				CLANG_WARN_BLOCK_CAPTURE_AUTORELEASING = YES;
				CLANG_WARN_BOOL_CONVERSION = YES;
				CLANG_WARN_COMMA = YES;
				CLANG_WARN_CONSTANT_CONVERSION = YES;
				CLANG_WARN_DIRECT_OBJC_ISA_USAGE = YES_ERROR;
				CLANG_WARN_DOCUMENTATION_COMMENTS = YES;
				CLANG_WARN_EMPTY_BODY = YES;
				CLANG_WARN_ENUM_CONVERSION = YES;
				CLANG_WARN_INFINITE_RECURSION = YES;
				CLANG_WARN_INT_CONVERSION = YES;
				CLANG_WARN_NON_LITERAL_NULL_CONVERSION = YES;
				CLANG_WARN_OBJC_LITERAL_CONVERSION = YES;
				CLANG_WARN_OBJC_ROOT_CLASS = YES_ERROR;
				CLANG_WARN_RANGE_LOOP_ANALYSIS = YES;
				CLANG_WARN_STRICT_PROTOTYPES = YES;
				CLANG_WARN_SUSPICIOUS_MOVE = YES;
				CLANG_WARN_UNGUARDED_AVAILABILITY = YES_AGGRESSIVE;
				CLANG_WARN_UNREACHABLE_CODE = YES;
				CLANG_WARN__DUPLICATE_METHOD_MATCH = YES;
				CODE_SIGN_IDENTITY = "iPhone Developer";
				COPY_PHASE_STRIP = NO;
				DEBUG_INFORMATION_FORMAT = "dwarf-with-dsym";
				ENABLE_NS_ASSERTIONS = NO;
				ENABLE_STRICT_OBJC_MSGSEND = YES;
				GCC_C_LANGUAGE_STANDARD = gnu11;
				GCC_NO_COMMON_BLOCKS = YES;
				GCC_WARN_64_TO_32_BIT_CONVERSION = YES;
				GCC_WARN_ABOUT_RETURN_TYPE = YES_ERROR;
				GCC_WARN_UNDECLARED_SELECTOR = YES;
				GCC_WARN_UNINITIALIZED_AUTOS = YES_AGGRESSIVE;
				GCC_WARN_UNUSED_FUNCTION = YES;
				GCC_WARN_UNUSED_VARIABLE = YES;
				IPHONEOS_DEPLOYMENT_TARGET = 11.2;
				MTL_ENABLE_DEBUG_INFO = NO;
				SDKROOT = iphoneos;
				VALIDATE_PRODUCT = YES;
			};
			name = Release;
		};
		A70E2609215C6AC4009CB1DE /* Debug */ = {
			isa = XCBuildConfiguration;
			buildSettings = {
				ASSETCATALOG_COMPILER_APPICON_NAME = AppIcon;
				CODE_SIGN_STYLE = Automatic;
				DEVELOPMENT_TEAM = QXA6375LG3;
				INFOPLIST_FILE = LDTJTest/Info.plist;
				LD_RUNPATH_SEARCH_PATHS = "$(inherited) @executable_path/Frameworks";
				PRODUCT_BUNDLE_IDENTIFIER = com.LDTJTest;
				PRODUCT_NAME = "$(TARGET_NAME)";
				TARGETED_DEVICE_FAMILY = "1,2";
			};
			name = Debug;
		};
		A70E260A215C6AC4009CB1DE /* Release */ = {
			isa = XCBuildConfiguration;
			buildSettings = {
				ASSETCATALOG_COMPILER_APPICON_NAME = AppIcon;
				CODE_SIGN_STYLE = Automatic;
				DEVELOPMENT_TEAM = QXA6375LG3;
				INFOPLIST_FILE = LDTJTest/Info.plist;
				LD_RUNPATH_SEARCH_PATHS = "$(inherited) @executable_path/Frameworks";
				PRODUCT_BUNDLE_IDENTIFIER = com.LDTJTest;
				PRODUCT_NAME = "$(TARGET_NAME)";
				TARGETED_DEVICE_FAMILY = "1,2";
			};
			name = Release;
		};
/* End XCBuildConfiguration section */

/* Begin XCConfigurationList section */
		A70E25ED215C6AC3009CB1DE /* Build configuration list for PBXProject "LDTJTest" */ = {
			isa = XCConfigurationList;
			buildConfigurations = (
				A70E2606215C6AC4009CB1DE /* Debug */,
				A70E2607215C6AC4009CB1DE /* Release */,
			);
			defaultConfigurationIsVisible = 0;
			defaultConfigurationName = Release;
		};
		A70E2608215C6AC4009CB1DE /* Build configuration list for PBXNativeTarget "LDTJTest" */ = {
			isa = XCConfigurationList;
			buildConfigurations = (
				A70E2609215C6AC4009CB1DE /* Debug */,
				A70E260A215C6AC4009CB1DE /* Release */,
			);
			defaultConfigurationIsVisible = 0;
			defaultConfigurationName = Release;
		};
/* End XCConfigurationList section */
	};
	rootObject = A70E25EA215C6AC3009CB1DE /* Project object */;
}
